
Microsoft Visual Studio Solution File, Format Version 12.00
# Visual Studio Version 17
VisualStudioVersion = 17.7.34009.444
MinimumVisualStudioVersion = 10.0.40219.1
Project("{2150E333-8FDC-42A3-9474-1A3956D46DE8}") = "Services", "Services", "{9EB5AA97-4ABD-4608-8EBE-06BF0CC8D23D}"
EndProject
Project("{2150E333-8FDC-42A3-9474-1A3956D46DE8}") = "Catalog", "Catalog", "{6FB067AD-8FC3-4A3A-858C-2E5ED7A9A0E4}"
EndProject
Project("{2150E333-8FDC-42A3-9474-1A3956D46DE8}") = "ApiGateways", "ApiGateways", "{6BA23CB8-6BFB-4C1D-A801-6EF749E74FFC}"
EndProject
Project("{2150E333-8FDC-42A3-9474-1A3956D46DE8}") = "WebApps", "WebApps", "{5151D664-65D8-45F0-B6D4-B6AE172FAFEE}"
EndProject
Project("{2150E333-8FDC-42A3-9474-1A3956D46DE8}") = "Infrastructure", "Infrastructure", "{AEC869FD-AA6E-4415-9F87-F1E368D50FB9}"
EndProject
Project("{2150E333-8FDC-42A3-9474-1A3956D46DE8}") = "CompetitionScorecard", "CompetitionScorecard", "{7DD19B34-DB34-442F-99BF-B711D411D406}"
EndProject
Project("{2150E333-8FDC-42A3-9474-1A3956D46DE8}") = "Core", "Core", "{6121C024-0524-4801-9794-B10A3F126F23}"
EndProject
Project("{9A19103F-16F7-4668-BE54-9A1E7A4F7556}") = "Orion.External.PaymentGateway", "src\ApiGateways\External.PaymentGateway\Orion.External.PaymentGateway.csproj", "{976FE5D7-133E-4E73-8CD5-0F1B546E73DA}"
EndProject
Project("{9A19103F-16F7-4668-BE54-9A1E7A4F7556}") = "Orion.OcelotApiGw", "src\ApiGateways\OcelotApiGw\Orion.OcelotApiGw.csproj", "{DFD782C4-D4D8-4E13-8029-72F3EED09102}"
EndProject
Project("{9A19103F-16F7-4668-BE54-9A1E7A4F7556}") = "Orion.Shopping.Aggregator", "src\ApiGateways\Shopping.Aggregator\Orion.Shopping.Aggregator.csproj", "{90B33A44-CB57-4CD4-956B-1A9F8DCD979F}"
EndProject
Project("{9A19103F-16F7-4668-BE54-9A1E7A4F7556}") = "Orion.Common.Logging", "src\Infrastructure\Common.Logging\Orion.Common.Logging.csproj", "{72F38197-E970-47CD-A1CB-DC27CE75DF91}"
EndProject
Project("{9A19103F-16F7-4668-BE54-9A1E7A4F7556}") = "Orion.EventBus.Messages", "src\Infrastructure\EventBus.Messages\Orion.EventBus.Messages.csproj", "{4E4FF2C4-FF4D-4FEC-BFCC-3A74FC547B80}"
EndProject
Project("{9A19103F-16F7-4668-BE54-9A1E7A4F7556}") = "Orion.Services.Catalog.API", "src\Services\Catalog\Catalog.API\Orion.Services.Catalog.API.csproj", "{AB1409C5-F703-4073-B884-78F822874DB6}"
EndProject
Project("{9A19103F-16F7-4668-BE54-9A1E7A4F7556}") = "Orion.Services.CompetitionScorecard.API", "src\Services\CompetitionScorecard\CompetitionScorecard.API\Orion.Services.CompetitionScorecard.API.csproj", "{FC68B7D6-3AF6-4AC7-B6F9-8BC90F82D1DE}"
EndProject
Project("{2150E333-8FDC-42A3-9474-1A3956D46DE8}") = "TradingEconomics", "TradingEconomics", "{FFBB6A7B-FD31-4A7C-ADE6-A36E005B381B}"
EndProject
Project("{E53339B2-1760-4266-BCC7-CA923CBCF16C}") = "docker-compose", "docker-compose.dcproj", "{AB352D60-68B8-428E-AC98-EC44F6CF6436}"
EndProject
Project("{FAE04EC0-301F-11D3-BF4B-00C04F79EFBC}") = "Orion.Core.Discount", "src\Core\Orion.Core.Discount\Orion.Core.Discount.csproj", "{DCF35B87-D367-4AC8-B21C-52A76E82412A}"
EndProject
Project("{2150E333-8FDC-42A3-9474-1A3956D46DE8}") = "UnitTests", "UnitTests", "{AA3F4F55-B094-4862-92CA-0DDA806D7587}"
EndProject
Project("{FAE04EC0-301F-11D3-BF4B-00C04F79EFBC}") = "Orion.WebApps.HealthCheckUI", "src\WebApps\Orion.WebApps.HealthCheckUI\Orion.WebApps.HealthCheckUI.csproj", "{F5D20112-5F63-453E-B326-D815C3A0B3B7}"
EndProject
Project("{FAE04EC0-301F-11D3-BF4B-00C04F79EFBC}") = "Orion.Services.Catalog.API.Tests", "src\UnitTests\Catalog.API.Tests\Orion.Services.Catalog.API.Tests.csproj", "{70E07A35-6A35-4343-9385-0D0CEB743491}"
EndProject
Project("{FAE04EC0-301F-11D3-BF4B-00C04F79EFBC}") = "Orion.Services.Discount.API.Tests", "src\UnitTests\Discount.API.Tests\Orion.Services.Discount.API.Tests.csproj", "{DE9D1CF0-6211-4D5D-A252-99BADDCE8752}"
EndProject
Project("{FAE04EC0-301F-11D3-BF4B-00C04F79EFBC}") = "Orion.Services.TradingEconomics.API.Tests", "src\UnitTests\StockAnalyzer.API.Tests\Orion.Services.TradingEconomics.API.Tests.csproj", "{4BBC93EE-9774-4FCA-8277-3E97E18C3ACC}"
EndProject
Project("{FAE04EC0-301F-11D3-BF4B-00C04F79EFBC}") = "Orion.Services.Discount.API", "src\Services\Discount\Discount.API\Orion.Services.Discount.API.csproj", "{35397D76-69DE-404A-82CE-346862997851}"
EndProject
Project("{FAE04EC0-301F-11D3-BF4B-00C04F79EFBC}") = "Orion.WebApps.Web", "src\WebApps\Orion.WebApps.Web\Orion.WebApps.Web.csproj", "{083D1FEE-C798-4AB6-8EC4-43981C7DD48F}"
EndProject
Project("{2150E333-8FDC-42A3-9474-1A3956D46DE8}") = "Discount", "Discount", "{503E8625-5488-491D-B242-280D042D01F1}"
EndProject
Project("{2150E333-8FDC-42A3-9474-1A3956D46DE8}") = "Chat", "Chat", "{140ADC86-9CEA-4F81-B05E-09EEEFE98F6A}"
EndProject
Project("{FAE04EC0-301F-11D3-BF4B-00C04F79EFBC}") = "Orion.Services.Chat", "src\Services\Orion.Services.Chat\Orion.Services.Chat.csproj", "{61EE6B6B-3A72-4D9F-8756-228AB8C5D64F}"
EndProject
Project("{FAE04EC0-301F-11D3-BF4B-00C04F79EFBC}") = "Orion.Core.TradingEconomics", "src\Core\Orion.Core.TradingEconomics\Orion.Core.TradingEconomics.csproj", "{71992A43-3931-4A82-BFF0-CE6136DCB75A}"
EndProject
Project("{FAE04EC0-301F-11D3-BF4B-00C04F79EFBC}") = "Orion.Core.Chat", "src\Core\Orion.Core.Chat\Orion.Core.Chat.csproj", "{C93E0102-239F-40AE-B966-02FCD1140984}"
EndProject
Project("{2150E333-8FDC-42A3-9474-1A3956D46DE8}") = "UserProfile", "UserProfile", "{8CE13BED-3166-4CDB-80A4-9ED0926DB07D}"
EndProject
Project("{FAE04EC0-301F-11D3-BF4B-00C04F79EFBC}") = "Orion.Core.Catalog", "src\Core\Orion.Core.Catalog\Orion.Core.Catalog.csproj", "{8C626642-7694-4696-89BD-5AA47F27D304}"
EndProject
Project("{FAE04EC0-301F-11D3-BF4B-00C04F79EFBC}") = "Orion.Services.TradingEconomics.API", "src\Services\Orion.Services.TradingEconomics\Orion.Services.TradingEconomics.API\Orion.Services.TradingEconomics.API.csproj", "{89C2F8A7-98FC-4425-90B7-6D7679D07DFA}"
EndProject
Project("{FAE04EC0-301F-11D3-BF4B-00C04F79EFBC}") = "Orion.Services.UserProfile.API", "src\Services\Orion.Services.UserProfile\Orion.Services.UserProfile.API\Orion.Services.UserProfile.API.csproj", "{80787CFF-EAFC-4E12-A0AB-CD668973DD69}"
EndProject
Project("{FAE04EC0-301F-11D3-BF4B-00C04F79EFBC}") = "Orion.Core.UserProfile", "src\Core\Orion.Core.UserProfile\Orion.Core.UserProfile.csproj", "{A4D9A0E4-119A-446A-B09E-667B48C9B5DD}"
EndProject
Global
	GlobalSection(SolutionConfigurationPlatforms) = preSolution
		Debug|Any CPU = Debug|Any CPU
		Release|Any CPU = Release|Any CPU
	EndGlobalSection
	GlobalSection(ProjectConfigurationPlatforms) = postSolution
		{976FE5D7-133E-4E73-8CD5-0F1B546E73DA}.Debug|Any CPU.ActiveCfg = Debug|Any CPU
		{976FE5D7-133E-4E73-8CD5-0F1B546E73DA}.Debug|Any CPU.Build.0 = Debug|Any CPU
		{976FE5D7-133E-4E73-8CD5-0F1B546E73DA}.Release|Any CPU.ActiveCfg = Release|Any CPU
		{976FE5D7-133E-4E73-8CD5-0F1B546E73DA}.Release|Any CPU.Build.0 = Release|Any CPU
		{DFD782C4-D4D8-4E13-8029-72F3EED09102}.Debug|Any CPU.ActiveCfg = Debug|Any CPU
		{DFD782C4-D4D8-4E13-8029-72F3EED09102}.Debug|Any CPU.Build.0 = Debug|Any CPU
		{DFD782C4-D4D8-4E13-8029-72F3EED09102}.Release|Any CPU.ActiveCfg = Release|Any CPU
		{DFD782C4-D4D8-4E13-8029-72F3EED09102}.Release|Any CPU.Build.0 = Release|Any CPU
		{90B33A44-CB57-4CD4-956B-1A9F8DCD979F}.Debug|Any CPU.ActiveCfg = Debug|Any CPU
		{90B33A44-CB57-4CD4-956B-1A9F8DCD979F}.Debug|Any CPU.Build.0 = Debug|Any CPU
		{90B33A44-CB57-4CD4-956B-1A9F8DCD979F}.Release|Any CPU.ActiveCfg = Release|Any CPU
		{90B33A44-CB57-4CD4-956B-1A9F8DCD979F}.Release|Any CPU.Build.0 = Release|Any CPU
		{72F38197-E970-47CD-A1CB-DC27CE75DF91}.Debug|Any CPU.ActiveCfg = Debug|Any CPU
		{72F38197-E970-47CD-A1CB-DC27CE75DF91}.Debug|Any CPU.Build.0 = Debug|Any CPU
		{72F38197-E970-47CD-A1CB-DC27CE75DF91}.Release|Any CPU.ActiveCfg = Release|Any CPU
		{72F38197-E970-47CD-A1CB-DC27CE75DF91}.Release|Any CPU.Build.0 = Release|Any CPU
		{4E4FF2C4-FF4D-4FEC-BFCC-3A74FC547B80}.Debug|Any CPU.ActiveCfg = Debug|Any CPU
		{4E4FF2C4-FF4D-4FEC-BFCC-3A74FC547B80}.Debug|Any CPU.Build.0 = Debug|Any CPU
		{4E4FF2C4-FF4D-4FEC-BFCC-3A74FC547B80}.Release|Any CPU.ActiveCfg = Release|Any CPU
		{4E4FF2C4-FF4D-4FEC-BFCC-3A74FC547B80}.Release|Any CPU.Build.0 = Release|Any CPU
		{AB1409C5-F703-4073-B884-78F822874DB6}.Debug|Any CPU.ActiveCfg = Debug|Any CPU
		{AB1409C5-F703-4073-B884-78F822874DB6}.Debug|Any CPU.Build.0 = Debug|Any CPU
		{AB1409C5-F703-4073-B884-78F822874DB6}.Release|Any CPU.ActiveCfg = Release|Any CPU
		{AB1409C5-F703-4073-B884-78F822874DB6}.Release|Any CPU.Build.0 = Release|Any CPU
		{FC68B7D6-3AF6-4AC7-B6F9-8BC90F82D1DE}.Debug|Any CPU.ActiveCfg = Debug|Any CPU
		{FC68B7D6-3AF6-4AC7-B6F9-8BC90F82D1DE}.Debug|Any CPU.Build.0 = Debug|Any CPU
		{FC68B7D6-3AF6-4AC7-B6F9-8BC90F82D1DE}.Release|Any CPU.ActiveCfg = Release|Any CPU
		{FC68B7D6-3AF6-4AC7-B6F9-8BC90F82D1DE}.Release|Any CPU.Build.0 = Release|Any CPU
		{AB352D60-68B8-428E-AC98-EC44F6CF6436}.Debug|Any CPU.ActiveCfg = Debug|Any CPU
		{AB352D60-68B8-428E-AC98-EC44F6CF6436}.Debug|Any CPU.Build.0 = Debug|Any CPU
		{AB352D60-68B8-428E-AC98-EC44F6CF6436}.Release|Any CPU.ActiveCfg = Release|Any CPU
		{AB352D60-68B8-428E-AC98-EC44F6CF6436}.Release|Any CPU.Build.0 = Release|Any CPU
		{DCF35B87-D367-4AC8-B21C-52A76E82412A}.Debug|Any CPU.ActiveCfg = Debug|Any CPU
		{DCF35B87-D367-4AC8-B21C-52A76E82412A}.Debug|Any CPU.Build.0 = Debug|Any CPU
		{DCF35B87-D367-4AC8-B21C-52A76E82412A}.Release|Any CPU.ActiveCfg = Release|Any CPU
		{DCF35B87-D367-4AC8-B21C-52A76E82412A}.Release|Any CPU.Build.0 = Release|Any CPU
		{F5D20112-5F63-453E-B326-D815C3A0B3B7}.Debug|Any CPU.ActiveCfg = Debug|Any CPU
		{F5D20112-5F63-453E-B326-D815C3A0B3B7}.Debug|Any CPU.Build.0 = Debug|Any CPU
		{F5D20112-5F63-453E-B326-D815C3A0B3B7}.Release|Any CPU.ActiveCfg = Release|Any CPU
		{F5D20112-5F63-453E-B326-D815C3A0B3B7}.Release|Any CPU.Build.0 = Release|Any CPU
		{70E07A35-6A35-4343-9385-0D0CEB743491}.Debug|Any CPU.ActiveCfg = Debug|Any CPU
		{70E07A35-6A35-4343-9385-0D0CEB743491}.Debug|Any CPU.Build.0 = Debug|Any CPU
		{70E07A35-6A35-4343-9385-0D0CEB743491}.Release|Any CPU.ActiveCfg = Release|Any CPU
		{70E07A35-6A35-4343-9385-0D0CEB743491}.Release|Any CPU.Build.0 = Release|Any CPU
		{DE9D1CF0-6211-4D5D-A252-99BADDCE8752}.Debug|Any CPU.ActiveCfg = Debug|Any CPU
		{DE9D1CF0-6211-4D5D-A252-99BADDCE8752}.Debug|Any CPU.Build.0 = Debug|Any CPU
		{DE9D1CF0-6211-4D5D-A252-99BADDCE8752}.Release|Any CPU.ActiveCfg = Release|Any CPU
		{DE9D1CF0-6211-4D5D-A252-99BADDCE8752}.Release|Any CPU.Build.0 = Release|Any CPU
		{4BBC93EE-9774-4FCA-8277-3E97E18C3ACC}.Debug|Any CPU.ActiveCfg = Debug|Any CPU
		{4BBC93EE-9774-4FCA-8277-3E97E18C3ACC}.Debug|Any CPU.Build.0 = Debug|Any CPU
		{4BBC93EE-9774-4FCA-8277-3E97E18C3ACC}.Release|Any CPU.ActiveCfg = Release|Any CPU
		{4BBC93EE-9774-4FCA-8277-3E97E18C3ACC}.Release|Any CPU.Build.0 = Release|Any CPU
		{35397D76-69DE-404A-82CE-346862997851}.Debug|Any CPU.ActiveCfg = Debug|Any CPU
		{35397D76-69DE-404A-82CE-346862997851}.Debug|Any CPU.Build.0 = Debug|Any CPU
		{35397D76-69DE-404A-82CE-346862997851}.Release|Any CPU.ActiveCfg = Release|Any CPU
		{35397D76-69DE-404A-82CE-346862997851}.Release|Any CPU.Build.0 = Release|Any CPU
		{083D1FEE-C798-4AB6-8EC4-43981C7DD48F}.Debug|Any CPU.ActiveCfg = Debug|Any CPU
		{083D1FEE-C798-4AB6-8EC4-43981C7DD48F}.Debug|Any CPU.Build.0 = Debug|Any CPU
		{083D1FEE-C798-4AB6-8EC4-43981C7DD48F}.Release|Any CPU.ActiveCfg = Release|Any CPU
		{083D1FEE-C798-4AB6-8EC4-43981C7DD48F}.Release|Any CPU.Build.0 = Release|Any CPU
		{61EE6B6B-3A72-4D9F-8756-228AB8C5D64F}.Debug|Any CPU.ActiveCfg = Debug|Any CPU
		{61EE6B6B-3A72-4D9F-8756-228AB8C5D64F}.Debug|Any CPU.Build.0 = Debug|Any CPU
		{61EE6B6B-3A72-4D9F-8756-228AB8C5D64F}.Release|Any CPU.ActiveCfg = Release|Any CPU
		{61EE6B6B-3A72-4D9F-8756-228AB8C5D64F}.Release|Any CPU.Build.0 = Release|Any CPU
		{71992A43-3931-4A82-BFF0-CE6136DCB75A}.Debug|Any CPU.ActiveCfg = Debug|Any CPU
		{71992A43-3931-4A82-BFF0-CE6136DCB75A}.Debug|Any CPU.Build.0 = Debug|Any CPU
		{71992A43-3931-4A82-BFF0-CE6136DCB75A}.Release|Any CPU.ActiveCfg = Release|Any CPU
		{71992A43-3931-4A82-BFF0-CE6136DCB75A}.Release|Any CPU.Build.0 = Release|Any CPU
		{C93E0102-239F-40AE-B966-02FCD1140984}.Debug|Any CPU.ActiveCfg = Debug|Any CPU
		{C93E0102-239F-40AE-B966-02FCD1140984}.Debug|Any CPU.Build.0 = Debug|Any CPU
		{C93E0102-239F-40AE-B966-02FCD1140984}.Release|Any CPU.ActiveCfg = Release|Any CPU
		{C93E0102-239F-40AE-B966-02FCD1140984}.Release|Any CPU.Build.0 = Release|Any CPU
		{8C626642-7694-4696-89BD-5AA47F27D304}.Debug|Any CPU.ActiveCfg = Debug|Any CPU
		{8C626642-7694-4696-89BD-5AA47F27D304}.Debug|Any CPU.Build.0 = Debug|Any CPU
		{8C626642-7694-4696-89BD-5AA47F27D304}.Release|Any CPU.ActiveCfg = Release|Any CPU
		{8C626642-7694-4696-89BD-5AA47F27D304}.Release|Any CPU.Build.0 = Release|Any CPU
		{89C2F8A7-98FC-4425-90B7-6D7679D07DFA}.Debug|Any CPU.ActiveCfg = Debug|Any CPU
		{89C2F8A7-98FC-4425-90B7-6D7679D07DFA}.Debug|Any CPU.Build.0 = Debug|Any CPU
		{89C2F8A7-98FC-4425-90B7-6D7679D07DFA}.Release|Any CPU.ActiveCfg = Release|Any CPU
		{89C2F8A7-98FC-4425-90B7-6D7679D07DFA}.Release|Any CPU.Build.0 = Release|Any CPU
		{80787CFF-EAFC-4E12-A0AB-CD668973DD69}.Debug|Any CPU.ActiveCfg = Debug|Any CPU
		{80787CFF-EAFC-4E12-A0AB-CD668973DD69}.Debug|Any CPU.Build.0 = Debug|Any CPU
		{80787CFF-EAFC-4E12-A0AB-CD668973DD69}.Release|Any CPU.ActiveCfg = Release|Any CPU
		{80787CFF-EAFC-4E12-A0AB-CD668973DD69}.Release|Any CPU.Build.0 = Release|Any CPU
		{A4D9A0E4-119A-446A-B09E-667B48C9B5DD}.Debug|Any CPU.ActiveCfg = Debug|Any CPU
		{A4D9A0E4-119A-446A-B09E-667B48C9B5DD}.Debug|Any CPU.Build.0 = Debug|Any CPU
		{A4D9A0E4-119A-446A-B09E-667B48C9B5DD}.Release|Any CPU.ActiveCfg = Release|Any CPU
		{A4D9A0E4-119A-446A-B09E-667B48C9B5DD}.Release|Any CPU.Build.0 = Release|Any CPU
	EndGlobalSection
	GlobalSection(SolutionProperties) = preSolution
		HideSolutionNode = FALSE
	EndGlobalSection
	GlobalSection(NestedProjects) = preSolution
		{6FB067AD-8FC3-4A3A-858C-2E5ED7A9A0E4} = {9EB5AA97-4ABD-4608-8EBE-06BF0CC8D23D}
		{7DD19B34-DB34-442F-99BF-B711D411D406} = {9EB5AA97-4ABD-4608-8EBE-06BF0CC8D23D}
		{976FE5D7-133E-4E73-8CD5-0F1B546E73DA} = {6BA23CB8-6BFB-4C1D-A801-6EF749E74FFC}
		{DFD782C4-D4D8-4E13-8029-72F3EED09102} = {6BA23CB8-6BFB-4C1D-A801-6EF749E74FFC}
		{90B33A44-CB57-4CD4-956B-1A9F8DCD979F} = {6BA23CB8-6BFB-4C1D-A801-6EF749E74FFC}
		{72F38197-E970-47CD-A1CB-DC27CE75DF91} = {AEC869FD-AA6E-4415-9F87-F1E368D50FB9}
		{4E4FF2C4-FF4D-4FEC-BFCC-3A74FC547B80} = {AEC869FD-AA6E-4415-9F87-F1E368D50FB9}
		{AB1409C5-F703-4073-B884-78F822874DB6} = {6FB067AD-8FC3-4A3A-858C-2E5ED7A9A0E4}
		{FC68B7D6-3AF6-4AC7-B6F9-8BC90F82D1DE} = {7DD19B34-DB34-442F-99BF-B711D411D406}
		{FFBB6A7B-FD31-4A7C-ADE6-A36E005B381B} = {9EB5AA97-4ABD-4608-8EBE-06BF0CC8D23D}
		{DCF35B87-D367-4AC8-B21C-52A76E82412A} = {6121C024-0524-4801-9794-B10A3F126F23}
		{F5D20112-5F63-453E-B326-D815C3A0B3B7} = {5151D664-65D8-45F0-B6D4-B6AE172FAFEE}
		{70E07A35-6A35-4343-9385-0D0CEB743491} = {AA3F4F55-B094-4862-92CA-0DDA806D7587}
		{DE9D1CF0-6211-4D5D-A252-99BADDCE8752} = {AA3F4F55-B094-4862-92CA-0DDA806D7587}
		{4BBC93EE-9774-4FCA-8277-3E97E18C3ACC} = {AA3F4F55-B094-4862-92CA-0DDA806D7587}
		{083D1FEE-C798-4AB6-8EC4-43981C7DD48F} = {5151D664-65D8-45F0-B6D4-B6AE172FAFEE}
		{503E8625-5488-491D-B242-280D042D01F1} = {9EB5AA97-4ABD-4608-8EBE-06BF0CC8D23D}
		{35397D76-69DE-404A-82CE-346862997851} = {503E8625-5488-491D-B242-280D042D01F1}
		{140ADC86-9CEA-4F81-B05E-09EEEFE98F6A} = {9EB5AA97-4ABD-4608-8EBE-06BF0CC8D23D}
		{61EE6B6B-3A72-4D9F-8756-228AB8C5D64F} = {140ADC86-9CEA-4F81-B05E-09EEEFE98F6A}
		{71992A43-3931-4A82-BFF0-CE6136DCB75A} = {6121C024-0524-4801-9794-B10A3F126F23}
		{C93E0102-239F-40AE-B966-02FCD1140984} = {6121C024-0524-4801-9794-B10A3F126F23}
		{8CE13BED-3166-4CDB-80A4-9ED0926DB07D} = {9EB5AA97-4ABD-4608-8EBE-06BF0CC8D23D}
		{8C626642-7694-4696-89BD-5AA47F27D304} = {6121C024-0524-4801-9794-B10A3F126F23}
		{89C2F8A7-98FC-4425-90B7-6D7679D07DFA} = {FFBB6A7B-FD31-4A7C-ADE6-A36E005B381B}
		{80787CFF-EAFC-4E12-A0AB-CD668973DD69} = {8CE13BED-3166-4CDB-80A4-9ED0926DB07D}
		{A4D9A0E4-119A-446A-B09E-667B48C9B5DD} = {6121C024-0524-4801-9794-B10A3F126F23}
	EndGlobalSection
	GlobalSection(ExtensibilityGlobals) = postSolution
		SolutionGuid = {CFC31B86-B732-491F-9E63-995F435D6ED6}
	EndGlobalSection
EndGlobal
