
Microsoft Visual Studio Solution File, Format Version 12.00
# Visual Studio Version 17
VisualStudioVersion = 17.7.34009.444
MinimumVisualStudioVersion = 10.0.40219.1
Project("{2150E333-8FDC-42A3-9474-1A3956D46DE8}") = "Services", "Services", "{9EB5AA97-4ABD-4608-8EBE-06BF0CC8D23D}"
EndProject
Project("{2150E333-8FDC-42A3-9474-1A3956D46DE8}") = "Catalog", "Catalog", "{6FB067AD-8FC3-4A3A-858C-2E5ED7A9A0E4}"
EndProject
Project("{2150E333-8FDC-42A3-9474-1A3956D46DE8}") = "Discount", "Discount", "{96C079D7-2629-4D4A-B091-49B357FD21AD}"
EndProject
Project("{2150E333-8FDC-42A3-9474-1A3956D46DE8}") = "ApiGateways", "ApiGateways", "{6BA23CB8-6BFB-4C1D-A801-6EF749E74FFC}"
EndProject
Project("{2150E333-8FDC-42A3-9474-1A3956D46DE8}") = "WebApps", "WebApps", "{5151D664-65D8-45F0-B6D4-B6AE172FAFEE}"
EndProject
Project("{2150E333-8FDC-42A3-9474-1A3956D46DE8}") = "Infrastructure", "Infrastructure", "{AEC869FD-AA6E-4415-9F87-F1E368D50FB9}"
EndProject
Project("{2150E333-8FDC-42A3-9474-1A3956D46DE8}") = "CompetitionScorecard", "CompetitionScorecard", "{7DD19B34-DB34-442F-99BF-B711D411D406}"
EndProject
Project("{2150E333-8FDC-42A3-9474-1A3956D46DE8}") = "Core", "Core", "{6121C024-0524-4801-9794-B10A3F126F23}"
EndProject
Project("{9A19103F-16F7-4668-BE54-9A1E7A4F7556}") = "Orion.External.PaymentGateway", "src\ApiGateways\External.PaymentGateway\Orion.External.PaymentGateway.csproj", "{976FE5D7-133E-4E73-8CD5-0F1B546E73DA}"
EndProject
Project("{9A19103F-16F7-4668-BE54-9A1E7A4F7556}") = "Orion.OcelotApiGw", "src\ApiGateways\OcelotApiGw\Orion.OcelotApiGw.csproj", "{DFD782C4-D4D8-4E13-8029-72F3EED09102}"
EndProject
Project("{9A19103F-16F7-4668-BE54-9A1E7A4F7556}") = "Orion.Shopping.Aggregator", "src\ApiGateways\Shopping.Aggregator\Orion.Shopping.Aggregator.csproj", "{90B33A44-CB57-4CD4-956B-1A9F8DCD979F}"
EndProject
Project("{9A19103F-16F7-4668-BE54-9A1E7A4F7556}") = "Orion.Common.Logging", "src\Infrastructure\Common.Logging\Orion.Common.Logging.csproj", "{72F38197-E970-47CD-A1CB-DC27CE75DF91}"
EndProject
Project("{9A19103F-16F7-4668-BE54-9A1E7A4F7556}") = "Orion.EventBus.Messages", "src\Infrastructure\EventBus.Messages\Orion.EventBus.Messages.csproj", "{4E4FF2C4-FF4D-4FEC-BFCC-3A74FC547B80}"
EndProject
Project("{9A19103F-16F7-4668-BE54-9A1E7A4F7556}") = "Orion.WebApps.WebASP", "src\WebApps\AspnetRunBasics\Orion.WebApps.WebASP.csproj", "{90B10725-74F2-4A11-B7B7-1E39B2971260}"
EndProject
Project("{9A19103F-16F7-4668-BE54-9A1E7A4F7556}") = "Orion.WebApps.HealthCheck", "src\WebApps\WebStatus\Orion.WebApps.HealthCheck.csproj", "{267408CE-5BAF-4D0C-B0C7-898D227143A0}"
EndProject
Project("{9A19103F-16F7-4668-BE54-9A1E7A4F7556}") = "Orion.StockAnalyzer.Core", "src\Core\Orion.Core.StockAnalyzer\Orion.StockAnalyzer.Core.csproj", "{191A49C5-50CA-4645-B98A-CA70D0929C31}"
EndProject
Project("{9A19103F-16F7-4668-BE54-9A1E7A4F7556}") = "Orion.Services.Catalog.API", "src\Services\Catalog\Catalog.API\Orion.Services.Catalog.API.csproj", "{AB1409C5-F703-4073-B884-78F822874DB6}"
EndProject
Project("{9A19103F-16F7-4668-BE54-9A1E7A4F7556}") = "Orion.Services.Catalog.API.Tests", "src\Services\Catalog\Catalog.API.Tests\Orion.Services.Catalog.API.Tests.csproj", "{8C82AB9F-7FC6-4B7D-8770-176FDC21034F}"
EndProject
Project("{9A19103F-16F7-4668-BE54-9A1E7A4F7556}") = "Orion.Services.CompetitionScorecard.API", "src\Services\CompetitionScorecard\CompetitionScorecard.API\Orion.Services.CompetitionScorecard.API.csproj", "{FC68B7D6-3AF6-4AC7-B6F9-8BC90F82D1DE}"
EndProject
Project("{9A19103F-16F7-4668-BE54-9A1E7A4F7556}") = "Orion.Services.Discount.API", "src\Services\Discount\Discount.API\Orion.Services.Discount.API.csproj", "{C840E58E-5675-486D-A42C-AD8361611CAE}"
EndProject
Project("{9A19103F-16F7-4668-BE54-9A1E7A4F7556}") = "Orion.Services.Discount.API.Tests", "src\Services\Discount\Discount.API.Tests\Orion.Services.Discount.API.Tests.csproj", "{8C5F7449-D62C-46C9-A5B3-AA9863AD5CAF}"
EndProject
Project("{FAE04EC0-301F-11D3-BF4B-00C04F79EFBC}") = "Orion.Services.StockAnalyzer.API", "src\Services\StockAnalyzer\StockAnalyzer.API\Orion.Services.StockAnalyzer.API.csproj", "{814B99C9-7C60-4451-914D-AE3CD918E278}"
EndProject
Project("{2150E333-8FDC-42A3-9474-1A3956D46DE8}") = "StockAnalyzer", "StockAnalyzer", "{FFBB6A7B-FD31-4A7C-ADE6-A36E005B381B}"
EndProject
Global
	GlobalSection(SolutionConfigurationPlatforms) = preSolution
		Debug|Any CPU = Debug|Any CPU
		Release|Any CPU = Release|Any CPU
	EndGlobalSection
	GlobalSection(ProjectConfigurationPlatforms) = postSolution
		{976FE5D7-133E-4E73-8CD5-0F1B546E73DA}.Debug|Any CPU.ActiveCfg = Debug|Any CPU
		{976FE5D7-133E-4E73-8CD5-0F1B546E73DA}.Debug|Any CPU.Build.0 = Debug|Any CPU
		{976FE5D7-133E-4E73-8CD5-0F1B546E73DA}.Release|Any CPU.ActiveCfg = Release|Any CPU
		{976FE5D7-133E-4E73-8CD5-0F1B546E73DA}.Release|Any CPU.Build.0 = Release|Any CPU
		{DFD782C4-D4D8-4E13-8029-72F3EED09102}.Debug|Any CPU.ActiveCfg = Debug|Any CPU
		{DFD782C4-D4D8-4E13-8029-72F3EED09102}.Debug|Any CPU.Build.0 = Debug|Any CPU
		{DFD782C4-D4D8-4E13-8029-72F3EED09102}.Release|Any CPU.ActiveCfg = Release|Any CPU
		{DFD782C4-D4D8-4E13-8029-72F3EED09102}.Release|Any CPU.Build.0 = Release|Any CPU
		{90B33A44-CB57-4CD4-956B-1A9F8DCD979F}.Debug|Any CPU.ActiveCfg = Debug|Any CPU
		{90B33A44-CB57-4CD4-956B-1A9F8DCD979F}.Debug|Any CPU.Build.0 = Debug|Any CPU
		{90B33A44-CB57-4CD4-956B-1A9F8DCD979F}.Release|Any CPU.ActiveCfg = Release|Any CPU
		{90B33A44-CB57-4CD4-956B-1A9F8DCD979F}.Release|Any CPU.Build.0 = Release|Any CPU
		{72F38197-E970-47CD-A1CB-DC27CE75DF91}.Debug|Any CPU.ActiveCfg = Debug|Any CPU
		{72F38197-E970-47CD-A1CB-DC27CE75DF91}.Debug|Any CPU.Build.0 = Debug|Any CPU
		{72F38197-E970-47CD-A1CB-DC27CE75DF91}.Release|Any CPU.ActiveCfg = Release|Any CPU
		{72F38197-E970-47CD-A1CB-DC27CE75DF91}.Release|Any CPU.Build.0 = Release|Any CPU
		{4E4FF2C4-FF4D-4FEC-BFCC-3A74FC547B80}.Debug|Any CPU.ActiveCfg = Debug|Any CPU
		{4E4FF2C4-FF4D-4FEC-BFCC-3A74FC547B80}.Debug|Any CPU.Build.0 = Debug|Any CPU
		{4E4FF2C4-FF4D-4FEC-BFCC-3A74FC547B80}.Release|Any CPU.ActiveCfg = Release|Any CPU
		{4E4FF2C4-FF4D-4FEC-BFCC-3A74FC547B80}.Release|Any CPU.Build.0 = Release|Any CPU
		{90B10725-74F2-4A11-B7B7-1E39B2971260}.Debug|Any CPU.ActiveCfg = Debug|Any CPU
		{90B10725-74F2-4A11-B7B7-1E39B2971260}.Debug|Any CPU.Build.0 = Debug|Any CPU
		{90B10725-74F2-4A11-B7B7-1E39B2971260}.Release|Any CPU.ActiveCfg = Release|Any CPU
		{90B10725-74F2-4A11-B7B7-1E39B2971260}.Release|Any CPU.Build.0 = Release|Any CPU
		{267408CE-5BAF-4D0C-B0C7-898D227143A0}.Debug|Any CPU.ActiveCfg = Debug|Any CPU
		{267408CE-5BAF-4D0C-B0C7-898D227143A0}.Debug|Any CPU.Build.0 = Debug|Any CPU
		{267408CE-5BAF-4D0C-B0C7-898D227143A0}.Release|Any CPU.ActiveCfg = Release|Any CPU
		{267408CE-5BAF-4D0C-B0C7-898D227143A0}.Release|Any CPU.Build.0 = Release|Any CPU
		{191A49C5-50CA-4645-B98A-CA70D0929C31}.Debug|Any CPU.ActiveCfg = Debug|Any CPU
		{191A49C5-50CA-4645-B98A-CA70D0929C31}.Debug|Any CPU.Build.0 = Debug|Any CPU
		{191A49C5-50CA-4645-B98A-CA70D0929C31}.Release|Any CPU.ActiveCfg = Release|Any CPU
		{191A49C5-50CA-4645-B98A-CA70D0929C31}.Release|Any CPU.Build.0 = Release|Any CPU
		{AB1409C5-F703-4073-B884-78F822874DB6}.Debug|Any CPU.ActiveCfg = Debug|Any CPU
		{AB1409C5-F703-4073-B884-78F822874DB6}.Debug|Any CPU.Build.0 = Debug|Any CPU
		{AB1409C5-F703-4073-B884-78F822874DB6}.Release|Any CPU.ActiveCfg = Release|Any CPU
		{AB1409C5-F703-4073-B884-78F822874DB6}.Release|Any CPU.Build.0 = Release|Any CPU
		{8C82AB9F-7FC6-4B7D-8770-176FDC21034F}.Debug|Any CPU.ActiveCfg = Debug|Any CPU
		{8C82AB9F-7FC6-4B7D-8770-176FDC21034F}.Debug|Any CPU.Build.0 = Debug|Any CPU
		{8C82AB9F-7FC6-4B7D-8770-176FDC21034F}.Release|Any CPU.ActiveCfg = Release|Any CPU
		{8C82AB9F-7FC6-4B7D-8770-176FDC21034F}.Release|Any CPU.Build.0 = Release|Any CPU
		{FC68B7D6-3AF6-4AC7-B6F9-8BC90F82D1DE}.Debug|Any CPU.ActiveCfg = Debug|Any CPU
		{FC68B7D6-3AF6-4AC7-B6F9-8BC90F82D1DE}.Debug|Any CPU.Build.0 = Debug|Any CPU
		{FC68B7D6-3AF6-4AC7-B6F9-8BC90F82D1DE}.Release|Any CPU.ActiveCfg = Release|Any CPU
		{FC68B7D6-3AF6-4AC7-B6F9-8BC90F82D1DE}.Release|Any CPU.Build.0 = Release|Any CPU
		{C840E58E-5675-486D-A42C-AD8361611CAE}.Debug|Any CPU.ActiveCfg = Debug|Any CPU
		{C840E58E-5675-486D-A42C-AD8361611CAE}.Debug|Any CPU.Build.0 = Debug|Any CPU
		{C840E58E-5675-486D-A42C-AD8361611CAE}.Release|Any CPU.ActiveCfg = Release|Any CPU
		{C840E58E-5675-486D-A42C-AD8361611CAE}.Release|Any CPU.Build.0 = Release|Any CPU
		{8C5F7449-D62C-46C9-A5B3-AA9863AD5CAF}.Debug|Any CPU.ActiveCfg = Debug|Any CPU
		{8C5F7449-D62C-46C9-A5B3-AA9863AD5CAF}.Debug|Any CPU.Build.0 = Debug|Any CPU
		{8C5F7449-D62C-46C9-A5B3-AA9863AD5CAF}.Release|Any CPU.ActiveCfg = Release|Any CPU
		{8C5F7449-D62C-46C9-A5B3-AA9863AD5CAF}.Release|Any CPU.Build.0 = Release|Any CPU
		{814B99C9-7C60-4451-914D-AE3CD918E278}.Debug|Any CPU.ActiveCfg = Debug|Any CPU
		{814B99C9-7C60-4451-914D-AE3CD918E278}.Debug|Any CPU.Build.0 = Debug|Any CPU
		{814B99C9-7C60-4451-914D-AE3CD918E278}.Release|Any CPU.ActiveCfg = Release|Any CPU
		{814B99C9-7C60-4451-914D-AE3CD918E278}.Release|Any CPU.Build.0 = Release|Any CPU
	EndGlobalSection
	GlobalSection(SolutionProperties) = preSolution
		HideSolutionNode = FALSE
	EndGlobalSection
	GlobalSection(NestedProjects) = preSolution
		{6FB067AD-8FC3-4A3A-858C-2E5ED7A9A0E4} = {9EB5AA97-4ABD-4608-8EBE-06BF0CC8D23D}
		{96C079D7-2629-4D4A-B091-49B357FD21AD} = {9EB5AA97-4ABD-4608-8EBE-06BF0CC8D23D}
		{7DD19B34-DB34-442F-99BF-B711D411D406} = {9EB5AA97-4ABD-4608-8EBE-06BF0CC8D23D}
		{976FE5D7-133E-4E73-8CD5-0F1B546E73DA} = {6BA23CB8-6BFB-4C1D-A801-6EF749E74FFC}
		{DFD782C4-D4D8-4E13-8029-72F3EED09102} = {6BA23CB8-6BFB-4C1D-A801-6EF749E74FFC}
		{90B33A44-CB57-4CD4-956B-1A9F8DCD979F} = {6BA23CB8-6BFB-4C1D-A801-6EF749E74FFC}
		{72F38197-E970-47CD-A1CB-DC27CE75DF91} = {AEC869FD-AA6E-4415-9F87-F1E368D50FB9}
		{4E4FF2C4-FF4D-4FEC-BFCC-3A74FC547B80} = {AEC869FD-AA6E-4415-9F87-F1E368D50FB9}
		{90B10725-74F2-4A11-B7B7-1E39B2971260} = {5151D664-65D8-45F0-B6D4-B6AE172FAFEE}
		{267408CE-5BAF-4D0C-B0C7-898D227143A0} = {5151D664-65D8-45F0-B6D4-B6AE172FAFEE}
		{191A49C5-50CA-4645-B98A-CA70D0929C31} = {6121C024-0524-4801-9794-B10A3F126F23}
		{AB1409C5-F703-4073-B884-78F822874DB6} = {6FB067AD-8FC3-4A3A-858C-2E5ED7A9A0E4}
		{8C82AB9F-7FC6-4B7D-8770-176FDC21034F} = {6FB067AD-8FC3-4A3A-858C-2E5ED7A9A0E4}
		{FC68B7D6-3AF6-4AC7-B6F9-8BC90F82D1DE} = {7DD19B34-DB34-442F-99BF-B711D411D406}
		{C840E58E-5675-486D-A42C-AD8361611CAE} = {96C079D7-2629-4D4A-B091-49B357FD21AD}
		{8C5F7449-D62C-46C9-A5B3-AA9863AD5CAF} = {96C079D7-2629-4D4A-B091-49B357FD21AD}
		{814B99C9-7C60-4451-914D-AE3CD918E278} = {FFBB6A7B-FD31-4A7C-ADE6-A36E005B381B}
		{FFBB6A7B-FD31-4A7C-ADE6-A36E005B381B} = {9EB5AA97-4ABD-4608-8EBE-06BF0CC8D23D}
	EndGlobalSection
	GlobalSection(ExtensibilityGlobals) = postSolution
		SolutionGuid = {CFC31B86-B732-491F-9E63-995F435D6ED6}
	EndGlobalSection
EndGlobal
