
Microsoft Visual Studio Solution File, Format Version 12.00
# Visual Studio Version 17
VisualStudioVersion = 17.7.34009.444
MinimumVisualStudioVersion = 10.0.40219.1
Project("{2150E333-8FDC-42A3-9474-1A3956D46DE8}") = "API", "API", "{9EB5AA97-4ABD-4608-8EBE-06BF0CC8D23D}"
EndProject
Project("{2150E333-8FDC-42A3-9474-1A3956D46DE8}") = "Catalog", "Catalog", "{6FB067AD-8FC3-4A3A-858C-2E5ED7A9A0E4}"
EndProject
Project("{2150E333-8FDC-42A3-9474-1A3956D46DE8}") = "ApiGateways", "ApiGateways", "{6BA23CB8-6BFB-4C1D-A801-6EF749E74FFC}"
EndProject
Project("{2150E333-8FDC-42A3-9474-1A3956D46DE8}") = "Infrastructure", "Infrastructure", "{AEC869FD-AA6E-4415-9F87-F1E368D50FB9}"
EndProject
Project("{2150E333-8FDC-42A3-9474-1A3956D46DE8}") = "CompetitionScorecard", "CompetitionScorecard", "{7DD19B34-DB34-442F-99BF-B711D411D406}"
EndProject
Project("{9A19103F-16F7-4668-BE54-9A1E7A4F7556}") = "Orion.External.PaymentGateway", "src\ApiGateways\External.PaymentGateway\Orion.External.PaymentGateway.csproj", "{976FE5D7-133E-4E73-8CD5-0F1B546E73DA}"
EndProject
Project("{9A19103F-16F7-4668-BE54-9A1E7A4F7556}") = "Orion.OcelotApiGw", "src\ApiGateways\OcelotApiGw\Orion.OcelotApiGw.csproj", "{DFD782C4-D4D8-4E13-8029-72F3EED09102}"
EndProject
Project("{9A19103F-16F7-4668-BE54-9A1E7A4F7556}") = "Orion.Shopping.Aggregator", "src\ApiGateways\Shopping.Aggregator\Orion.Shopping.Aggregator.csproj", "{90B33A44-CB57-4CD4-956B-1A9F8DCD979F}"
EndProject
Project("{9A19103F-16F7-4668-BE54-9A1E7A4F7556}") = "Orion.Common.Logging", "src\Infrastructure\Common.Logging\Orion.Common.Logging.csproj", "{72F38197-E970-47CD-A1CB-DC27CE75DF91}"
EndProject
Project("{9A19103F-16F7-4668-BE54-9A1E7A4F7556}") = "Orion.EventBus.Messages", "src\Infrastructure\EventBus.Messages\Orion.EventBus.Messages.csproj", "{4E4FF2C4-FF4D-4FEC-BFCC-3A74FC547B80}"
EndProject
Project("{2150E333-8FDC-42A3-9474-1A3956D46DE8}") = "TradingEconomics", "TradingEconomics", "{FFBB6A7B-FD31-4A7C-ADE6-A36E005B381B}"
EndProject
Project("{E53339B2-1760-4266-BCC7-CA923CBCF16C}") = "docker-compose", "docker-compose.dcproj", "{AB352D60-68B8-428E-AC98-EC44F6CF6436}"
EndProject
Project("{2150E333-8FDC-42A3-9474-1A3956D46DE8}") = "UnitTests", "UnitTests", "{AA3F4F55-B094-4862-92CA-0DDA806D7587}"
EndProject
Project("{2150E333-8FDC-42A3-9474-1A3956D46DE8}") = "Discount", "Discount", "{503E8625-5488-491D-B242-280D042D01F1}"
EndProject
Project("{2150E333-8FDC-42A3-9474-1A3956D46DE8}") = "Chat", "Chat", "{140ADC86-9CEA-4F81-B05E-09EEEFE98F6A}"
EndProject
Project("{2150E333-8FDC-42A3-9474-1A3956D46DE8}") = "UserProfile", "UserProfile", "{8CE13BED-3166-4CDB-80A4-9ED0926DB07D}"
EndProject
Project("{2150E333-8FDC-42A3-9474-1A3956D46DE8}") = "Basket", "Basket", "{E207DDD0-7946-4AC3-8695-FAAD4FCE412D}"
EndProject
Project("{2150E333-8FDC-42A3-9474-1A3956D46DE8}") = "Order", "Order", "{DB1399ED-EA0A-4F63-AC3E-3B8FA5E37579}"
EndProject
Project("{FAE04EC0-301F-11D3-BF4B-00C04F79EFBC}") = "Orion.API.UnitTests", "src\UnitTests\Orion.API.UnitTests\Orion.API.UnitTests.csproj", "{502EFFE6-4BE6-495B-A9A1-1D81068CF1F7}"
EndProject
Project("{2150E333-8FDC-42A3-9474-1A3956D46DE8}") = "Applications", "Applications", "{4411C048-C4A6-44FF-A49F-C867333BD484}"
EndProject
Project("{2150E333-8FDC-42A3-9474-1A3956D46DE8}") = "WebApps", "WebApps", "{17C1F1E6-0B21-4C0C-9985-182D762975CA}"
EndProject
Project("{FAE04EC0-301F-11D3-BF4B-00C04F79EFBC}") = "Orion.WebApps.Web", "src\Applications\Orion.WebApps.Web\Orion.WebApps.Web.csproj", "{49C4B7DD-750D-4D94-B17C-9B8249F38B76}"
EndProject
Project("{FAE04EC0-301F-11D3-BF4B-00C04F79EFBC}") = "Orion.WebApps.HealthCheckUI", "src\Applications\Orion.WebApps.HealthCheckUI\Orion.WebApps.HealthCheckUI.csproj", "{875E24F4-FEB3-4F44-813C-11C4A129158D}"
EndProject
Project("{FAE04EC0-301F-11D3-BF4B-00C04F79EFBC}") = "Orion.WebApps.StockAnalyzer.Web", "src\Applications\Orion.WebApps.StockAnalyzer.Web\Orion.WebApps.StockAnalyzer.Web.csproj", "{81329BC9-E1B5-4A61-9C2C-8EF548745532}"
EndProject
Project("{2150E333-8FDC-42A3-9474-1A3956D46DE8}") = "Helpers", "Helpers", "{E0B43157-8DD3-4D3D-9137-4130817CE33E}"
EndProject
Project("{FAE04EC0-301F-11D3-BF4B-00C04F79EFBC}") = "Orion.Helpers", "src\Helpers\Orion.Helpers.csproj", "{8E66D25F-9B92-4B69-8049-AD0D561CBBF1}"
EndProject
Project("{FAE04EC0-301F-11D3-BF4B-00C04F79EFBC}") = "Orion.API.Catalog", "src\API\Orion.API.Catalog\Orion.API.Catalog.csproj", "{7402B0C9-15D1-46D5-9A4E-1B6A0D4DC751}"
EndProject
Project("{FAE04EC0-301F-11D3-BF4B-00C04F79EFBC}") = "Orion.API.Chat", "src\API\Orion.API.Chat\Orion.API.Chat.csproj", "{D2E02B3D-7B34-47E2-8214-21D346247CA8}"
EndProject
Project("{FAE04EC0-301F-11D3-BF4B-00C04F79EFBC}") = "Orion.API.CompetitionScorecard", "src\API\Orion.API.CompetitionScorecard\Orion.API.CompetitionScorecard.csproj", "{3E22D332-DA55-48A9-BB5E-DF4745A68E6A}"
EndProject
Project("{FAE04EC0-301F-11D3-BF4B-00C04F79EFBC}") = "Orion.API.Discount", "src\API\Orion.API.Discount\Orion.API.Discount.csproj", "{89322728-960F-4D0C-A153-7163F4DAAB8A}"
EndProject
Project("{FAE04EC0-301F-11D3-BF4B-00C04F79EFBC}") = "Orion.API.Order", "src\API\Orion.API.Order\Orion.API.Order.csproj", "{3C32A173-BA76-4FAA-9022-B7575DDD4EAD}"
EndProject
Project("{FAE04EC0-301F-11D3-BF4B-00C04F79EFBC}") = "Orion.API.TradingEconomics", "src\API\Orion.API.TradingEconomics\Orion.API.TradingEconomics.csproj", "{9B57E108-1255-4F09-844F-C5675C77065B}"
EndProject
Project("{FAE04EC0-301F-11D3-BF4B-00C04F79EFBC}") = "Orion.API.UserProfile", "src\API\Orion.API.UserProfile\Orion.API.UserProfile.csproj", "{209C48D0-AD97-4B83-88BB-7BF5F76C9065}"
EndProject
Project("{2150E333-8FDC-42A3-9474-1A3956D46DE8}") = "Solution Items", "Solution Items", "{E0F6E86E-E0B5-4F97-9531-62860D42BDB3}"
	ProjectSection(SolutionItems) = preProject
		compose.yaml = compose.yaml
	EndProjectSection
EndProject
Project("{2150E333-8FDC-42A3-9474-1A3956D46DE8}") = "Apps", "Apps", "{8115FF69-70F5-408F-BE75-3CA782BD07C7}"
EndProject
Project("{2150E333-8FDC-42A3-9474-1A3956D46DE8}") = "Admin", "Admin", "{12CE92B3-B016-47B1-9F3A-B40E7E4827B3}"
EndProject
Project("{2150E333-8FDC-42A3-9474-1A3956D46DE8}") = "DataAccess", "DataAccess", "{E92855C7-3E03-4F60-B210-3DE18021B457}"
EndProject
Project("{2150E333-8FDC-42A3-9474-1A3956D46DE8}") = "Domain", "Domain", "{A54644DA-10D1-4167-9852-8FC343A0EB04}"
EndProject
Project("{FAE04EC0-301F-11D3-BF4B-00C04F79EFBC}") = "Orion.Domain", "src\Domain\Orion.Domain\Orion.Domain.csproj", "{291B1B14-0A03-4FF7-A8B6-2E7575F4AC07}"
EndProject
Project("{FAE04EC0-301F-11D3-BF4B-00C04F79EFBC}") = "Orion.Helpers.UnitTests", "src\UnitTests\Orion.Helpers.UnitTests\Orion.Helpers.UnitTests.csproj", "{64EB3844-7B3E-4FE5-A95F-B35A4D0D0334}"
EndProject
Project("{2150E333-8FDC-42A3-9474-1A3956D46DE8}") = "HR", "HR", "{C81AA78C-ABB9-4EAB-BDD4-2038A6A5F904}"
EndProject
Project("{FAE04EC0-301F-11D3-BF4B-00C04F79EFBC}") = "Orion.API.HumanResources", "src\API\Orion.API.HumanResources\Orion.API.HumanResources.csproj", "{BE557BB9-B671-47E9-B38E-EF747F44EAD0}"
EndProject
Project("{FAE04EC0-301F-11D3-BF4B-00C04F79EFBC}") = "Orion.API.Basket", "src\API\Orion.API.Basket\Orion.API.Basket.csproj", "{8BA416D6-44A7-476A-9160-C20F35A6E835}"
EndProject
Project("{FAE04EC0-301F-11D3-BF4B-00C04F79EFBC}") = "Orion.Admin", "src\Admin\Orion.Admin.csproj", "{0CF64A6E-61E0-4DBB-B8B7-2013DDBFA6E7}"
EndProject
Project("{FAE04EC0-301F-11D3-BF4B-00C04F79EFBC}") = "Orion.DataAccess.Postgres", "src\DataAccess\Orion.DataAccess.Postgres\Orion.DataAccess.Postgres.csproj", "{FAC0F9F0-97C2-45E3-A52F-481A00D1AF36}"
EndProject
Project("{FAE04EC0-301F-11D3-BF4B-00C04F79EFBC}") = "Orion.Domain.UnitTests", "src\Domain\Orion.Domain.UnitTests\Orion.Domain.UnitTests.csproj", "{AA9D14DF-C7C9-49FB-8C3C-B169741CEFAA}"
EndProject
Project("{2150E333-8FDC-42A3-9474-1A3956D46DE8}") = "AWBuildVersion", "AWBuildVersion", "{E0034BDA-0C99-4B9B-9F8A-7D085B9DAEC0}"
EndProject
Global
	GlobalSection(SolutionConfigurationPlatforms) = preSolution
		Debug|Any CPU = Debug|Any CPU
		Release|Any CPU = Release|Any CPU
	EndGlobalSection
	GlobalSection(ProjectConfigurationPlatforms) = postSolution
		{976FE5D7-133E-4E73-8CD5-0F1B546E73DA}.Debug|Any CPU.ActiveCfg = Debug|Any CPU
		{976FE5D7-133E-4E73-8CD5-0F1B546E73DA}.Debug|Any CPU.Build.0 = Debug|Any CPU
		{976FE5D7-133E-4E73-8CD5-0F1B546E73DA}.Release|Any CPU.ActiveCfg = Release|Any CPU
		{976FE5D7-133E-4E73-8CD5-0F1B546E73DA}.Release|Any CPU.Build.0 = Release|Any CPU
		{DFD782C4-D4D8-4E13-8029-72F3EED09102}.Debug|Any CPU.ActiveCfg = Debug|Any CPU
		{DFD782C4-D4D8-4E13-8029-72F3EED09102}.Debug|Any CPU.Build.0 = Debug|Any CPU
		{DFD782C4-D4D8-4E13-8029-72F3EED09102}.Release|Any CPU.ActiveCfg = Release|Any CPU
		{DFD782C4-D4D8-4E13-8029-72F3EED09102}.Release|Any CPU.Build.0 = Release|Any CPU
		{90B33A44-CB57-4CD4-956B-1A9F8DCD979F}.Debug|Any CPU.ActiveCfg = Debug|Any CPU
		{90B33A44-CB57-4CD4-956B-1A9F8DCD979F}.Debug|Any CPU.Build.0 = Debug|Any CPU
		{90B33A44-CB57-4CD4-956B-1A9F8DCD979F}.Release|Any CPU.ActiveCfg = Release|Any CPU
		{90B33A44-CB57-4CD4-956B-1A9F8DCD979F}.Release|Any CPU.Build.0 = Release|Any CPU
		{72F38197-E970-47CD-A1CB-DC27CE75DF91}.Debug|Any CPU.ActiveCfg = Debug|Any CPU
		{72F38197-E970-47CD-A1CB-DC27CE75DF91}.Debug|Any CPU.Build.0 = Debug|Any CPU
		{72F38197-E970-47CD-A1CB-DC27CE75DF91}.Release|Any CPU.ActiveCfg = Release|Any CPU
		{72F38197-E970-47CD-A1CB-DC27CE75DF91}.Release|Any CPU.Build.0 = Release|Any CPU
		{4E4FF2C4-FF4D-4FEC-BFCC-3A74FC547B80}.Debug|Any CPU.ActiveCfg = Debug|Any CPU
		{4E4FF2C4-FF4D-4FEC-BFCC-3A74FC547B80}.Debug|Any CPU.Build.0 = Debug|Any CPU
		{4E4FF2C4-FF4D-4FEC-BFCC-3A74FC547B80}.Release|Any CPU.ActiveCfg = Release|Any CPU
		{4E4FF2C4-FF4D-4FEC-BFCC-3A74FC547B80}.Release|Any CPU.Build.0 = Release|Any CPU
		{AB352D60-68B8-428E-AC98-EC44F6CF6436}.Debug|Any CPU.ActiveCfg = Debug|Any CPU
		{AB352D60-68B8-428E-AC98-EC44F6CF6436}.Debug|Any CPU.Build.0 = Debug|Any CPU
		{AB352D60-68B8-428E-AC98-EC44F6CF6436}.Release|Any CPU.ActiveCfg = Release|Any CPU
		{AB352D60-68B8-428E-AC98-EC44F6CF6436}.Release|Any CPU.Build.0 = Release|Any CPU
		{502EFFE6-4BE6-495B-A9A1-1D81068CF1F7}.Debug|Any CPU.ActiveCfg = Debug|Any CPU
		{502EFFE6-4BE6-495B-A9A1-1D81068CF1F7}.Debug|Any CPU.Build.0 = Debug|Any CPU
		{502EFFE6-4BE6-495B-A9A1-1D81068CF1F7}.Release|Any CPU.ActiveCfg = Release|Any CPU
		{502EFFE6-4BE6-495B-A9A1-1D81068CF1F7}.Release|Any CPU.Build.0 = Release|Any CPU
		{49C4B7DD-750D-4D94-B17C-9B8249F38B76}.Debug|Any CPU.ActiveCfg = Debug|Any CPU
		{49C4B7DD-750D-4D94-B17C-9B8249F38B76}.Debug|Any CPU.Build.0 = Debug|Any CPU
		{49C4B7DD-750D-4D94-B17C-9B8249F38B76}.Release|Any CPU.ActiveCfg = Release|Any CPU
		{49C4B7DD-750D-4D94-B17C-9B8249F38B76}.Release|Any CPU.Build.0 = Release|Any CPU
		{875E24F4-FEB3-4F44-813C-11C4A129158D}.Debug|Any CPU.ActiveCfg = Debug|Any CPU
		{875E24F4-FEB3-4F44-813C-11C4A129158D}.Debug|Any CPU.Build.0 = Debug|Any CPU
		{875E24F4-FEB3-4F44-813C-11C4A129158D}.Release|Any CPU.ActiveCfg = Release|Any CPU
		{875E24F4-FEB3-4F44-813C-11C4A129158D}.Release|Any CPU.Build.0 = Release|Any CPU
		{81329BC9-E1B5-4A61-9C2C-8EF548745532}.Debug|Any CPU.ActiveCfg = Debug|Any CPU
		{81329BC9-E1B5-4A61-9C2C-8EF548745532}.Debug|Any CPU.Build.0 = Debug|Any CPU
		{81329BC9-E1B5-4A61-9C2C-8EF548745532}.Release|Any CPU.ActiveCfg = Release|Any CPU
		{81329BC9-E1B5-4A61-9C2C-8EF548745532}.Release|Any CPU.Build.0 = Release|Any CPU
		{8E66D25F-9B92-4B69-8049-AD0D561CBBF1}.Debug|Any CPU.ActiveCfg = Debug|Any CPU
		{8E66D25F-9B92-4B69-8049-AD0D561CBBF1}.Debug|Any CPU.Build.0 = Debug|Any CPU
		{8E66D25F-9B92-4B69-8049-AD0D561CBBF1}.Release|Any CPU.ActiveCfg = Release|Any CPU
		{8E66D25F-9B92-4B69-8049-AD0D561CBBF1}.Release|Any CPU.Build.0 = Release|Any CPU
		{7402B0C9-15D1-46D5-9A4E-1B6A0D4DC751}.Debug|Any CPU.ActiveCfg = Debug|Any CPU
		{7402B0C9-15D1-46D5-9A4E-1B6A0D4DC751}.Debug|Any CPU.Build.0 = Debug|Any CPU
		{7402B0C9-15D1-46D5-9A4E-1B6A0D4DC751}.Release|Any CPU.ActiveCfg = Release|Any CPU
		{7402B0C9-15D1-46D5-9A4E-1B6A0D4DC751}.Release|Any CPU.Build.0 = Release|Any CPU
		{D2E02B3D-7B34-47E2-8214-21D346247CA8}.Debug|Any CPU.ActiveCfg = Debug|Any CPU
		{D2E02B3D-7B34-47E2-8214-21D346247CA8}.Debug|Any CPU.Build.0 = Debug|Any CPU
		{D2E02B3D-7B34-47E2-8214-21D346247CA8}.Release|Any CPU.ActiveCfg = Release|Any CPU
		{D2E02B3D-7B34-47E2-8214-21D346247CA8}.Release|Any CPU.Build.0 = Release|Any CPU
		{3E22D332-DA55-48A9-BB5E-DF4745A68E6A}.Debug|Any CPU.ActiveCfg = Debug|Any CPU
		{3E22D332-DA55-48A9-BB5E-DF4745A68E6A}.Debug|Any CPU.Build.0 = Debug|Any CPU
		{3E22D332-DA55-48A9-BB5E-DF4745A68E6A}.Release|Any CPU.ActiveCfg = Release|Any CPU
		{3E22D332-DA55-48A9-BB5E-DF4745A68E6A}.Release|Any CPU.Build.0 = Release|Any CPU
		{89322728-960F-4D0C-A153-7163F4DAAB8A}.Debug|Any CPU.ActiveCfg = Debug|Any CPU
		{89322728-960F-4D0C-A153-7163F4DAAB8A}.Debug|Any CPU.Build.0 = Debug|Any CPU
		{89322728-960F-4D0C-A153-7163F4DAAB8A}.Release|Any CPU.ActiveCfg = Release|Any CPU
		{89322728-960F-4D0C-A153-7163F4DAAB8A}.Release|Any CPU.Build.0 = Release|Any CPU
		{3C32A173-BA76-4FAA-9022-B7575DDD4EAD}.Debug|Any CPU.ActiveCfg = Debug|Any CPU
		{3C32A173-BA76-4FAA-9022-B7575DDD4EAD}.Debug|Any CPU.Build.0 = Debug|Any CPU
		{3C32A173-BA76-4FAA-9022-B7575DDD4EAD}.Release|Any CPU.ActiveCfg = Release|Any CPU
		{3C32A173-BA76-4FAA-9022-B7575DDD4EAD}.Release|Any CPU.Build.0 = Release|Any CPU
		{9B57E108-1255-4F09-844F-C5675C77065B}.Debug|Any CPU.ActiveCfg = Debug|Any CPU
		{9B57E108-1255-4F09-844F-C5675C77065B}.Debug|Any CPU.Build.0 = Debug|Any CPU
		{9B57E108-1255-4F09-844F-C5675C77065B}.Release|Any CPU.ActiveCfg = Release|Any CPU
		{9B57E108-1255-4F09-844F-C5675C77065B}.Release|Any CPU.Build.0 = Release|Any CPU
		{209C48D0-AD97-4B83-88BB-7BF5F76C9065}.Debug|Any CPU.ActiveCfg = Debug|Any CPU
		{209C48D0-AD97-4B83-88BB-7BF5F76C9065}.Debug|Any CPU.Build.0 = Debug|Any CPU
		{209C48D0-AD97-4B83-88BB-7BF5F76C9065}.Release|Any CPU.ActiveCfg = Release|Any CPU
		{209C48D0-AD97-4B83-88BB-7BF5F76C9065}.Release|Any CPU.Build.0 = Release|Any CPU
		{291B1B14-0A03-4FF7-A8B6-2E7575F4AC07}.Debug|Any CPU.ActiveCfg = Debug|Any CPU
		{291B1B14-0A03-4FF7-A8B6-2E7575F4AC07}.Debug|Any CPU.Build.0 = Debug|Any CPU
		{291B1B14-0A03-4FF7-A8B6-2E7575F4AC07}.Release|Any CPU.ActiveCfg = Release|Any CPU
		{291B1B14-0A03-4FF7-A8B6-2E7575F4AC07}.Release|Any CPU.Build.0 = Release|Any CPU
		{64EB3844-7B3E-4FE5-A95F-B35A4D0D0334}.Debug|Any CPU.ActiveCfg = Debug|Any CPU
		{64EB3844-7B3E-4FE5-A95F-B35A4D0D0334}.Debug|Any CPU.Build.0 = Debug|Any CPU
		{64EB3844-7B3E-4FE5-A95F-B35A4D0D0334}.Release|Any CPU.ActiveCfg = Release|Any CPU
		{64EB3844-7B3E-4FE5-A95F-B35A4D0D0334}.Release|Any CPU.Build.0 = Release|Any CPU
		{BE557BB9-B671-47E9-B38E-EF747F44EAD0}.Debug|Any CPU.ActiveCfg = Debug|Any CPU
		{BE557BB9-B671-47E9-B38E-EF747F44EAD0}.Debug|Any CPU.Build.0 = Debug|Any CPU
		{BE557BB9-B671-47E9-B38E-EF747F44EAD0}.Release|Any CPU.ActiveCfg = Release|Any CPU
		{BE557BB9-B671-47E9-B38E-EF747F44EAD0}.Release|Any CPU.Build.0 = Release|Any CPU
		{8BA416D6-44A7-476A-9160-C20F35A6E835}.Debug|Any CPU.ActiveCfg = Debug|Any CPU
		{8BA416D6-44A7-476A-9160-C20F35A6E835}.Debug|Any CPU.Build.0 = Debug|Any CPU
		{8BA416D6-44A7-476A-9160-C20F35A6E835}.Release|Any CPU.ActiveCfg = Release|Any CPU
		{8BA416D6-44A7-476A-9160-C20F35A6E835}.Release|Any CPU.Build.0 = Release|Any CPU
		{0CF64A6E-61E0-4DBB-B8B7-2013DDBFA6E7}.Debug|Any CPU.ActiveCfg = Debug|Any CPU
		{0CF64A6E-61E0-4DBB-B8B7-2013DDBFA6E7}.Debug|Any CPU.Build.0 = Debug|Any CPU
		{0CF64A6E-61E0-4DBB-B8B7-2013DDBFA6E7}.Release|Any CPU.ActiveCfg = Release|Any CPU
		{0CF64A6E-61E0-4DBB-B8B7-2013DDBFA6E7}.Release|Any CPU.Build.0 = Release|Any CPU
		{FAC0F9F0-97C2-45E3-A52F-481A00D1AF36}.Debug|Any CPU.ActiveCfg = Debug|Any CPU
		{FAC0F9F0-97C2-45E3-A52F-481A00D1AF36}.Debug|Any CPU.Build.0 = Debug|Any CPU
		{FAC0F9F0-97C2-45E3-A52F-481A00D1AF36}.Release|Any CPU.ActiveCfg = Release|Any CPU
		{FAC0F9F0-97C2-45E3-A52F-481A00D1AF36}.Release|Any CPU.Build.0 = Release|Any CPU
		{AA9D14DF-C7C9-49FB-8C3C-B169741CEFAA}.Debug|Any CPU.ActiveCfg = Debug|Any CPU
		{AA9D14DF-C7C9-49FB-8C3C-B169741CEFAA}.Debug|Any CPU.Build.0 = Debug|Any CPU
		{AA9D14DF-C7C9-49FB-8C3C-B169741CEFAA}.Release|Any CPU.ActiveCfg = Release|Any CPU
		{AA9D14DF-C7C9-49FB-8C3C-B169741CEFAA}.Release|Any CPU.Build.0 = Release|Any CPU
	EndGlobalSection
	GlobalSection(SolutionProperties) = preSolution
		HideSolutionNode = FALSE
	EndGlobalSection
	GlobalSection(NestedProjects) = preSolution
		{6FB067AD-8FC3-4A3A-858C-2E5ED7A9A0E4} = {9EB5AA97-4ABD-4608-8EBE-06BF0CC8D23D}
		{7DD19B34-DB34-442F-99BF-B711D411D406} = {9EB5AA97-4ABD-4608-8EBE-06BF0CC8D23D}
		{976FE5D7-133E-4E73-8CD5-0F1B546E73DA} = {6BA23CB8-6BFB-4C1D-A801-6EF749E74FFC}
		{DFD782C4-D4D8-4E13-8029-72F3EED09102} = {6BA23CB8-6BFB-4C1D-A801-6EF749E74FFC}
		{90B33A44-CB57-4CD4-956B-1A9F8DCD979F} = {6BA23CB8-6BFB-4C1D-A801-6EF749E74FFC}
		{72F38197-E970-47CD-A1CB-DC27CE75DF91} = {AEC869FD-AA6E-4415-9F87-F1E368D50FB9}
		{4E4FF2C4-FF4D-4FEC-BFCC-3A74FC547B80} = {AEC869FD-AA6E-4415-9F87-F1E368D50FB9}
		{FFBB6A7B-FD31-4A7C-ADE6-A36E005B381B} = {9EB5AA97-4ABD-4608-8EBE-06BF0CC8D23D}
		{503E8625-5488-491D-B242-280D042D01F1} = {9EB5AA97-4ABD-4608-8EBE-06BF0CC8D23D}
		{140ADC86-9CEA-4F81-B05E-09EEEFE98F6A} = {9EB5AA97-4ABD-4608-8EBE-06BF0CC8D23D}
		{8CE13BED-3166-4CDB-80A4-9ED0926DB07D} = {9EB5AA97-4ABD-4608-8EBE-06BF0CC8D23D}
		{E207DDD0-7946-4AC3-8695-FAAD4FCE412D} = {9EB5AA97-4ABD-4608-8EBE-06BF0CC8D23D}
		{DB1399ED-EA0A-4F63-AC3E-3B8FA5E37579} = {9EB5AA97-4ABD-4608-8EBE-06BF0CC8D23D}
		{502EFFE6-4BE6-495B-A9A1-1D81068CF1F7} = {AA3F4F55-B094-4862-92CA-0DDA806D7587}
		{17C1F1E6-0B21-4C0C-9985-182D762975CA} = {4411C048-C4A6-44FF-A49F-C867333BD484}
		{49C4B7DD-750D-4D94-B17C-9B8249F38B76} = {17C1F1E6-0B21-4C0C-9985-182D762975CA}
		{875E24F4-FEB3-4F44-813C-11C4A129158D} = {17C1F1E6-0B21-4C0C-9985-182D762975CA}
		{81329BC9-E1B5-4A61-9C2C-8EF548745532} = {17C1F1E6-0B21-4C0C-9985-182D762975CA}
		{8E66D25F-9B92-4B69-8049-AD0D561CBBF1} = {E0B43157-8DD3-4D3D-9137-4130817CE33E}
		{7402B0C9-15D1-46D5-9A4E-1B6A0D4DC751} = {6FB067AD-8FC3-4A3A-858C-2E5ED7A9A0E4}
		{D2E02B3D-7B34-47E2-8214-21D346247CA8} = {140ADC86-9CEA-4F81-B05E-09EEEFE98F6A}
		{3E22D332-DA55-48A9-BB5E-DF4745A68E6A} = {7DD19B34-DB34-442F-99BF-B711D411D406}
		{89322728-960F-4D0C-A153-7163F4DAAB8A} = {503E8625-5488-491D-B242-280D042D01F1}
		{3C32A173-BA76-4FAA-9022-B7575DDD4EAD} = {DB1399ED-EA0A-4F63-AC3E-3B8FA5E37579}
		{9B57E108-1255-4F09-844F-C5675C77065B} = {FFBB6A7B-FD31-4A7C-ADE6-A36E005B381B}
		{209C48D0-AD97-4B83-88BB-7BF5F76C9065} = {8CE13BED-3166-4CDB-80A4-9ED0926DB07D}
		{8115FF69-70F5-408F-BE75-3CA782BD07C7} = {4411C048-C4A6-44FF-A49F-C867333BD484}
		{291B1B14-0A03-4FF7-A8B6-2E7575F4AC07} = {A54644DA-10D1-4167-9852-8FC343A0EB04}
		{64EB3844-7B3E-4FE5-A95F-B35A4D0D0334} = {AA3F4F55-B094-4862-92CA-0DDA806D7587}
		{C81AA78C-ABB9-4EAB-BDD4-2038A6A5F904} = {9EB5AA97-4ABD-4608-8EBE-06BF0CC8D23D}
		{BE557BB9-B671-47E9-B38E-EF747F44EAD0} = {C81AA78C-ABB9-4EAB-BDD4-2038A6A5F904}
		{8BA416D6-44A7-476A-9160-C20F35A6E835} = {E207DDD0-7946-4AC3-8695-FAAD4FCE412D}
		{0CF64A6E-61E0-4DBB-B8B7-2013DDBFA6E7} = {12CE92B3-B016-47B1-9F3A-B40E7E4827B3}
		{FAC0F9F0-97C2-45E3-A52F-481A00D1AF36} = {E92855C7-3E03-4F60-B210-3DE18021B457}
		{AA9D14DF-C7C9-49FB-8C3C-B169741CEFAA} = {AA3F4F55-B094-4862-92CA-0DDA806D7587}
		{E0034BDA-0C99-4B9B-9F8A-7D085B9DAEC0} = {9EB5AA97-4ABD-4608-8EBE-06BF0CC8D23D}
	EndGlobalSection
	GlobalSection(ExtensibilityGlobals) = postSolution
		SolutionGuid = {CFC31B86-B732-491F-9E63-995F435D6ED6}
	EndGlobalSection
EndGlobal
