
Microsoft Visual Studio Solution File, Format Version 12.00
# Visual Studio Version 17
VisualStudioVersion = 17.7.34009.444
MinimumVisualStudioVersion = 10.0.40219.1
Project("{2150E333-8FDC-42A3-9474-1A3956D46DE8}") = "Services", "Services", "{9EB5AA97-4ABD-4608-8EBE-06BF0CC8D23D}"
EndProject
Project("{2150E333-8FDC-42A3-9474-1A3956D46DE8}") = "Catalog", "Catalog", "{6FB067AD-8FC3-4A3A-858C-2E5ED7A9A0E4}"
EndProject
Project("{E53339B2-1760-4266-BCC7-CA923CBCF16C}") = "docker-compose", "docker-compose.dcproj", "{37ED9FDD-7DDD-4206-96A7-BE53CA126CC0}"
EndProject
Project("{2150E333-8FDC-42A3-9474-1A3956D46DE8}") = "Discount", "Discount", "{96C079D7-2629-4D4A-B091-49B357FD21AD}"
EndProject
Project("{2150E333-8FDC-42A3-9474-1A3956D46DE8}") = "ApiGateways", "ApiGateways", "{6BA23CB8-6BFB-4C1D-A801-6EF749E74FFC}"
EndProject
Project("{2150E333-8FDC-42A3-9474-1A3956D46DE8}") = "WebApps", "WebApps", "{5151D664-65D8-45F0-B6D4-B6AE172FAFEE}"
EndProject
Project("{2150E333-8FDC-42A3-9474-1A3956D46DE8}") = "Infrastructure", "Infrastructure", "{AEC869FD-AA6E-4415-9F87-F1E368D50FB9}"
EndProject
Project("{9A19103F-16F7-4668-BE54-9A1E7A4F7556}") = "Orion.External.PaymentGateway", "ApiGateways\External.PaymentGateway\Orion.External.PaymentGateway.csproj", "{CB1EC657-D138-4F67-9729-DC85A157CBD3}"
EndProject
Project("{9A19103F-16F7-4668-BE54-9A1E7A4F7556}") = "Orion.OcelotApiGw", "ApiGateways\OcelotApiGw\Orion.OcelotApiGw.csproj", "{A0519456-06B2-46D1-AC9E-4ABE6BEE9CA9}"
EndProject
Project("{9A19103F-16F7-4668-BE54-9A1E7A4F7556}") = "Orion.Shopping.Aggregator", "ApiGateways\Shopping.Aggregator\Orion.Shopping.Aggregator.csproj", "{4CC21CB4-E2A1-4FFB-B8D2-C8007ADB9DB3}"
EndProject
Project("{9A19103F-16F7-4668-BE54-9A1E7A4F7556}") = "Orion.Common.Logging", "Infrastructure\Common.Logging\Orion.Common.Logging.csproj", "{2B1876CC-1DC9-4A50-9D93-8B06117BFE28}"
EndProject
Project("{9A19103F-16F7-4668-BE54-9A1E7A4F7556}") = "Orion.EventBus.Messages", "Infrastructure\EventBus.Messages\Orion.EventBus.Messages.csproj", "{1518B68D-8C46-4279-8CFB-74B40BAD1C8B}"
EndProject
Project("{9A19103F-16F7-4668-BE54-9A1E7A4F7556}") = "Orion.WebApps.WebASP", "WebApps\AspnetRunBasics\Orion.WebApps.WebASP.csproj", "{B7A00135-8F71-415D-A921-2731D0C091F6}"
EndProject
Project("{9A19103F-16F7-4668-BE54-9A1E7A4F7556}") = "Orion.WebApps.HealthCheck", "WebApps\WebStatus\Orion.WebApps.HealthCheck.csproj", "{41E58937-B707-468B-A32B-6024B5256BA4}"
EndProject
Project("{9A19103F-16F7-4668-BE54-9A1E7A4F7556}") = "Orion.Services.Catalog.API", "Services\Catalog\Catalog.API\Orion.Services.Catalog.API.csproj", "{825CD81D-146C-4C17-B600-E1EE8C274B77}"
EndProject
Project("{9A19103F-16F7-4668-BE54-9A1E7A4F7556}") = "Orion.Services.Discount.API", "Services\Discount\Discount.API\Orion.Services.Discount.API.csproj", "{94EDAD25-FEAD-4AD5-A02C-8A8EF2F35818}"
EndProject
Project("{2150E333-8FDC-42A3-9474-1A3956D46DE8}") = "CompetitionScorecard", "CompetitionScorecard", "{7DD19B34-DB34-442F-99BF-B711D411D406}"
EndProject
Project("{9A19103F-16F7-4668-BE54-9A1E7A4F7556}") = "CompetitionScorecard.API", "Services\CompetitionScorecard\CompetitionScorecard.API\CompetitionScorecard.API.csproj", "{69C5DFB2-A7F9-4379-9F39-06FCE9EEA8AF}"
EndProject
Project("{FAE04EC0-301F-11D3-BF4B-00C04F79EFBC}") = "Orion.StockAnalyzer.Core", "Core\Orion.BusinessLayer.StockAnalyzer.Core\Orion.StockAnalyzer.Core.csproj", "{30CC78BB-D7C7-4DCF-B6FC-E0E38FABFB26}"
EndProject
Project("{2150E333-8FDC-42A3-9474-1A3956D46DE8}") = "Core", "Core", "{6121C024-0524-4801-9794-B10A3F126F23}"
EndProject
Project("{FAE04EC0-301F-11D3-BF4B-00C04F79EFBC}") = "Orion.WebApps.StockAnalyzer.Web", "Applications\Orion.StockAnalyzer.Web\Orion.WebApps.StockAnalyzer.Web.csproj", "{D03D7E9D-B12C-4DC8-AD89-FDAA5C771022}"
EndProject
Global
	GlobalSection(SolutionConfigurationPlatforms) = preSolution
		Debug|Any CPU = Debug|Any CPU
		Release|Any CPU = Release|Any CPU
	EndGlobalSection
	GlobalSection(ProjectConfigurationPlatforms) = postSolution
		{37ED9FDD-7DDD-4206-96A7-BE53CA126CC0}.Debug|Any CPU.ActiveCfg = Debug|Any CPU
		{37ED9FDD-7DDD-4206-96A7-BE53CA126CC0}.Debug|Any CPU.Build.0 = Debug|Any CPU
		{37ED9FDD-7DDD-4206-96A7-BE53CA126CC0}.Release|Any CPU.ActiveCfg = Release|Any CPU
		{37ED9FDD-7DDD-4206-96A7-BE53CA126CC0}.Release|Any CPU.Build.0 = Release|Any CPU
		{CB1EC657-D138-4F67-9729-DC85A157CBD3}.Debug|Any CPU.ActiveCfg = Debug|Any CPU
		{CB1EC657-D138-4F67-9729-DC85A157CBD3}.Debug|Any CPU.Build.0 = Debug|Any CPU
		{CB1EC657-D138-4F67-9729-DC85A157CBD3}.Release|Any CPU.ActiveCfg = Release|Any CPU
		{CB1EC657-D138-4F67-9729-DC85A157CBD3}.Release|Any CPU.Build.0 = Release|Any CPU
		{A0519456-06B2-46D1-AC9E-4ABE6BEE9CA9}.Debug|Any CPU.ActiveCfg = Debug|Any CPU
		{A0519456-06B2-46D1-AC9E-4ABE6BEE9CA9}.Debug|Any CPU.Build.0 = Debug|Any CPU
		{A0519456-06B2-46D1-AC9E-4ABE6BEE9CA9}.Release|Any CPU.ActiveCfg = Release|Any CPU
		{A0519456-06B2-46D1-AC9E-4ABE6BEE9CA9}.Release|Any CPU.Build.0 = Release|Any CPU
		{4CC21CB4-E2A1-4FFB-B8D2-C8007ADB9DB3}.Debug|Any CPU.ActiveCfg = Debug|Any CPU
		{4CC21CB4-E2A1-4FFB-B8D2-C8007ADB9DB3}.Debug|Any CPU.Build.0 = Debug|Any CPU
		{4CC21CB4-E2A1-4FFB-B8D2-C8007ADB9DB3}.Release|Any CPU.ActiveCfg = Release|Any CPU
		{4CC21CB4-E2A1-4FFB-B8D2-C8007ADB9DB3}.Release|Any CPU.Build.0 = Release|Any CPU
		{2B1876CC-1DC9-4A50-9D93-8B06117BFE28}.Debug|Any CPU.ActiveCfg = Debug|Any CPU
		{2B1876CC-1DC9-4A50-9D93-8B06117BFE28}.Debug|Any CPU.Build.0 = Debug|Any CPU
		{2B1876CC-1DC9-4A50-9D93-8B06117BFE28}.Release|Any CPU.ActiveCfg = Release|Any CPU
		{2B1876CC-1DC9-4A50-9D93-8B06117BFE28}.Release|Any CPU.Build.0 = Release|Any CPU
		{1518B68D-8C46-4279-8CFB-74B40BAD1C8B}.Debug|Any CPU.ActiveCfg = Debug|Any CPU
		{1518B68D-8C46-4279-8CFB-74B40BAD1C8B}.Debug|Any CPU.Build.0 = Debug|Any CPU
		{1518B68D-8C46-4279-8CFB-74B40BAD1C8B}.Release|Any CPU.ActiveCfg = Release|Any CPU
		{1518B68D-8C46-4279-8CFB-74B40BAD1C8B}.Release|Any CPU.Build.0 = Release|Any CPU
		{B7A00135-8F71-415D-A921-2731D0C091F6}.Debug|Any CPU.ActiveCfg = Debug|Any CPU
		{B7A00135-8F71-415D-A921-2731D0C091F6}.Debug|Any CPU.Build.0 = Debug|Any CPU
		{B7A00135-8F71-415D-A921-2731D0C091F6}.Release|Any CPU.ActiveCfg = Release|Any CPU
		{B7A00135-8F71-415D-A921-2731D0C091F6}.Release|Any CPU.Build.0 = Release|Any CPU
		{41E58937-B707-468B-A32B-6024B5256BA4}.Debug|Any CPU.ActiveCfg = Debug|Any CPU
		{41E58937-B707-468B-A32B-6024B5256BA4}.Debug|Any CPU.Build.0 = Debug|Any CPU
		{41E58937-B707-468B-A32B-6024B5256BA4}.Release|Any CPU.ActiveCfg = Release|Any CPU
		{41E58937-B707-468B-A32B-6024B5256BA4}.Release|Any CPU.Build.0 = Release|Any CPU
		{825CD81D-146C-4C17-B600-E1EE8C274B77}.Debug|Any CPU.ActiveCfg = Debug|Any CPU
		{825CD81D-146C-4C17-B600-E1EE8C274B77}.Debug|Any CPU.Build.0 = Debug|Any CPU
		{825CD81D-146C-4C17-B600-E1EE8C274B77}.Release|Any CPU.ActiveCfg = Release|Any CPU
		{825CD81D-146C-4C17-B600-E1EE8C274B77}.Release|Any CPU.Build.0 = Release|Any CPU
		{94EDAD25-FEAD-4AD5-A02C-8A8EF2F35818}.Debug|Any CPU.ActiveCfg = Debug|Any CPU
		{94EDAD25-FEAD-4AD5-A02C-8A8EF2F35818}.Debug|Any CPU.Build.0 = Debug|Any CPU
		{94EDAD25-FEAD-4AD5-A02C-8A8EF2F35818}.Release|Any CPU.ActiveCfg = Release|Any CPU
		{94EDAD25-FEAD-4AD5-A02C-8A8EF2F35818}.Release|Any CPU.Build.0 = Release|Any CPU
		{69C5DFB2-A7F9-4379-9F39-06FCE9EEA8AF}.Debug|Any CPU.ActiveCfg = Debug|Any CPU
		{69C5DFB2-A7F9-4379-9F39-06FCE9EEA8AF}.Debug|Any CPU.Build.0 = Debug|Any CPU
		{69C5DFB2-A7F9-4379-9F39-06FCE9EEA8AF}.Release|Any CPU.ActiveCfg = Release|Any CPU
		{69C5DFB2-A7F9-4379-9F39-06FCE9EEA8AF}.Release|Any CPU.Build.0 = Release|Any CPU
		{30CC78BB-D7C7-4DCF-B6FC-E0E38FABFB26}.Debug|Any CPU.ActiveCfg = Debug|Any CPU
		{30CC78BB-D7C7-4DCF-B6FC-E0E38FABFB26}.Debug|Any CPU.Build.0 = Debug|Any CPU
		{30CC78BB-D7C7-4DCF-B6FC-E0E38FABFB26}.Release|Any CPU.ActiveCfg = Release|Any CPU
		{30CC78BB-D7C7-4DCF-B6FC-E0E38FABFB26}.Release|Any CPU.Build.0 = Release|Any CPU
		{D03D7E9D-B12C-4DC8-AD89-FDAA5C771022}.Debug|Any CPU.ActiveCfg = Debug|Any CPU
		{D03D7E9D-B12C-4DC8-AD89-FDAA5C771022}.Debug|Any CPU.Build.0 = Debug|Any CPU
		{D03D7E9D-B12C-4DC8-AD89-FDAA5C771022}.Release|Any CPU.ActiveCfg = Release|Any CPU
		{D03D7E9D-B12C-4DC8-AD89-FDAA5C771022}.Release|Any CPU.Build.0 = Release|Any CPU
	EndGlobalSection
	GlobalSection(SolutionProperties) = preSolution
		HideSolutionNode = FALSE
	EndGlobalSection
	GlobalSection(NestedProjects) = preSolution
		{6FB067AD-8FC3-4A3A-858C-2E5ED7A9A0E4} = {9EB5AA97-4ABD-4608-8EBE-06BF0CC8D23D}
		{96C079D7-2629-4D4A-B091-49B357FD21AD} = {9EB5AA97-4ABD-4608-8EBE-06BF0CC8D23D}
		{CB1EC657-D138-4F67-9729-DC85A157CBD3} = {6BA23CB8-6BFB-4C1D-A801-6EF749E74FFC}
		{A0519456-06B2-46D1-AC9E-4ABE6BEE9CA9} = {6BA23CB8-6BFB-4C1D-A801-6EF749E74FFC}
		{4CC21CB4-E2A1-4FFB-B8D2-C8007ADB9DB3} = {6BA23CB8-6BFB-4C1D-A801-6EF749E74FFC}
		{2B1876CC-1DC9-4A50-9D93-8B06117BFE28} = {AEC869FD-AA6E-4415-9F87-F1E368D50FB9}
		{1518B68D-8C46-4279-8CFB-74B40BAD1C8B} = {AEC869FD-AA6E-4415-9F87-F1E368D50FB9}
		{B7A00135-8F71-415D-A921-2731D0C091F6} = {5151D664-65D8-45F0-B6D4-B6AE172FAFEE}
		{41E58937-B707-468B-A32B-6024B5256BA4} = {5151D664-65D8-45F0-B6D4-B6AE172FAFEE}
		{825CD81D-146C-4C17-B600-E1EE8C274B77} = {6FB067AD-8FC3-4A3A-858C-2E5ED7A9A0E4}
		{94EDAD25-FEAD-4AD5-A02C-8A8EF2F35818} = {96C079D7-2629-4D4A-B091-49B357FD21AD}
		{7DD19B34-DB34-442F-99BF-B711D411D406} = {9EB5AA97-4ABD-4608-8EBE-06BF0CC8D23D}
		{69C5DFB2-A7F9-4379-9F39-06FCE9EEA8AF} = {7DD19B34-DB34-442F-99BF-B711D411D406}
		{30CC78BB-D7C7-4DCF-B6FC-E0E38FABFB26} = {6121C024-0524-4801-9794-B10A3F126F23}
		{D03D7E9D-B12C-4DC8-AD89-FDAA5C771022} = {5151D664-65D8-45F0-B6D4-B6AE172FAFEE}
	EndGlobalSection
	GlobalSection(ExtensibilityGlobals) = postSolution
		SolutionGuid = {CFC31B86-B732-491F-9E63-995F435D6ED6}
	EndGlobalSection
EndGlobal
